# This file is automatically @generated by Poetry 1.5.1 and should not be changed by hand.

[[package]]
name = "dataclasses-struct"
version = "0.8.0"
description = "Converting dataclasses to and from fixed-length binary data using struct"
optional = false
python-versions = ">=3.8.1,<4.0.0"
files = [
    {file = "dataclasses_struct-0.8.0-py3-none-any.whl", hash = "sha256:3c58fc3f1e70838ce056f3d626cf598e99f64376ac1379bb5ee143ba258dc0ad"},
    {file = "dataclasses_struct-0.8.0.tar.gz", hash = "sha256:05d00e372ad7af09e40b1bd642263374f1ee8dd11cdbf5585a6f8b8b591f03b8"},
]

[package.dependencies]
typing-extensions = ">=4.5.0,<5.0.0"

[[package]]
name = "iced-x86"
version = "1.20.0"
description = "iced-x86 is a blazing fast and correct x86/x64 disassembler, assembler and instruction decoder"
optional = false
python-versions = "~=3.8"
files = [
    {file = "iced-x86-1.20.0.tar.gz", hash = "sha256:15ba779488f11c147e366766a07f6971a3562c091ded70541a80c387a5792511"},
    {file = "iced_x86-1.20.0-cp38-abi3-macosx_10_12_x86_64.whl", hash = "sha256:3175f476eb4173831117d1c50d2bcb2820edcc2a130a91a206388e200f341771"},
    {file = "iced_x86-1.20.0-cp38-abi3-manylinux_2_17_x86_64.manylinux2014_x86_64.whl", hash = "sha256:c76e6d652539fa68e9ab05dee38776fd1236626aea6ca63d16f45de064792978"},
    {file = "iced_x86-1.20.0-cp38-abi3-manylinux_2_5_i686.manylinux1_i686.manylinux_2_17_i686.manylinux2014_i686.whl", hash = "sha256:6c903a8bb2fdbdc475f551abb5037585057f3e44c25409497b4b591b4a3a2561"},
    {file = "iced_x86-1.20.0-cp38-abi3-musllinux_1_1_x86_64.whl", hash = "sha256:50582d4c612f04cf6e5e320857a7b8a9f77ac384582deeefc5d3ff1a367deef2"},
    {file = "iced_x86-1.20.0-cp38-abi3-win32.whl", hash = "sha256:c20a017411415fce74c8c7372804efe6fd85ea305ba909a09b93582db49866fc"},
    {file = "iced_x86-1.20.0-cp38-abi3-win_amd64.whl", hash = "sha256:7ee65d10e92df7de169567cc6b2bba9f014f4fa95c5054719efced9a3d9112af"},
    {file = "iced_x86-1.20.0-pp38-pypy38_pp73-manylinux_2_17_x86_64.manylinux2014_x86_64.whl", hash = "sha256:8745ab2978ba9151cb66484b3e733970ba611c1be7eab2a87ee6de0be00d3898"},
    {file = "iced_x86-1.20.0-pp38-pypy38_pp73-win_amd64.whl", hash = "sha256:9a9fa6e9e780d92ff129c08dde1d99f1709cead8044735d25bf3f832394e2895"},
]

[[package]]
name = "lief"
version = "0.14.0.dev0"
description = "Library to instrument executable formats"
optional = false
python-versions = ">=3.8"
files = [
    {file = "lief-0.14.0.dev0-cp310-cp310-macosx_11_0_arm64.whl", hash = "sha256:89503f68cbe9d207d185ed5a33253545a5d6c2b56881ee500b57b22fc31a7af7"},
    {file = "lief-0.14.0.dev0-cp310-cp310-macosx_11_0_x86_64.whl", hash = "sha256:bfa473943750c22febfb78c32cbe672ad646e13c737069567c5df9f70bcce7da"},
    {file = "lief-0.14.0.dev0-cp310-cp310-manylinux2014_aarch64.whl", hash = "sha256:ae5cf762390616abf209f0cb5c94c85d2dc45a65fd859e1df624a59997bf0cfb"},
    {file = "lief-0.14.0.dev0-cp310-cp310-manylinux_2_27_x86_64.manylinux_2_28_x86_64.whl", hash = "sha256:e3554042d75ec612b85bc7bc27de1d38f406e9a7be2acf62e553ee1db7a60683"},
    {file = "lief-0.14.0.dev0-cp310-cp310-win32.whl", hash = "sha256:7583813f185a2f359cc107d3f9aa818665292b7d082d5a2f0caeab55741973f4"},
    {file = "lief-0.14.0.dev0-cp310-cp310-win_amd64.whl", hash = "sha256:e28440563c920cb431a738902f43a29a0fcf4326e032204c288d7e96531541cc"},
    {file = "lief-0.14.0.dev0-cp311-cp311-macosx_11_0_arm64.whl", hash = "sha256:61590072364dab979b3effb7531e7b18caa70057d90db7670c42aaa0b2301f99"},
    {file = "lief-0.14.0.dev0-cp311-cp311-macosx_11_0_x86_64.whl", hash = "sha256:2469658025d671508e5901907b040ca84aaa8d2fd3f1fc7cf67a81efd3fcc28a"},
    {file = "lief-0.14.0.dev0-cp311-cp311-manylinux2014_aarch64.whl", hash = "sha256:0f46b632ad3cd68b83e8f2a49d082ae47c803182ee055356c59ae24a47314198"},
    {file = "lief-0.14.0.dev0-cp311-cp311-manylinux_2_27_x86_64.manylinux_2_28_x86_64.whl", hash = "sha256:163f069b3e7998c205bb1550f75cce343ffb19e74aaecb04fb52bf1c10e2371f"},
    {file = "lief-0.14.0.dev0-cp311-cp311-win32.whl", hash = "sha256:04bbcd407142e90e1384e901b6b1daffaf5f1d1cd1675ff6c7f192d877c9834b"},
    {file = "lief-0.14.0.dev0-cp311-cp311-win_amd64.whl", hash = "sha256:7d2b3c0c6a0c3ee0cc25fff419d90e8807ef68c955f3cfe884208b4c23207a40"},
    {file = "lief-0.14.0.dev0-cp312-cp312-manylinux_2_27_x86_64.manylinux_2_28_x86_64.whl", hash = "sha256:5d60ccf87c22df27952771b69c66b96ef3620c51a853cded0cc4fcee7539869d"},
    {file = "lief-0.14.0.dev0-cp312-cp312-win32.whl", hash = "sha256:ae35986fdce6e8e7e54efd8e4ee3804ae00a9f56f094e392937056c0d193fd74"},
    {file = "lief-0.14.0.dev0-cp312-cp312-win_amd64.whl", hash = "sha256:ceeccfcd46d0c21f8146a6ab3361507d93ce414f90395c158d6c313c6a918fac"},
    {file = "lief-0.14.0.dev0-cp38-cp38-macosx_11_0_arm64.whl", hash = "sha256:c3bf5c9bc30a952b012e8b50572c067a3875602dd323ecf209644a559c221bec"},
    {file = "lief-0.14.0.dev0-cp38-cp38-macosx_11_0_x86_64.whl", hash = "sha256:9135864eb1ed859770a42753996b0ae463652b773ccf80963d29e9b2a2e1756e"},
    {file = "lief-0.14.0.dev0-cp38-cp38-manylinux2014_aarch64.whl", hash = "sha256:18c47667d8ef3ec189b9b4f7f2f2e4e628cc71444f9cbe213e98e58b7f3281cf"},
    {file = "lief-0.14.0.dev0-cp38-cp38-manylinux_2_27_x86_64.manylinux_2_28_x86_64.whl", hash = "sha256:d896c15d35a947931afdd88a422c9034822f303b83977388986b7835fc17773e"},
    {file = "lief-0.14.0.dev0-cp38-cp38-win32.whl", hash = "sha256:1d86097f28da5df758ab7532f8e580caa05179e22775a436da5e2f0ace4f7fae"},
    {file = "lief-0.14.0.dev0-cp38-cp38-win_amd64.whl", hash = "sha256:25824ea96f34c40bd53b3c1810a9cc7229d1e520fd7b68b45c54ff86cfdd29ac"},
    {file = "lief-0.14.0.dev0-cp39-cp39-macosx_11_0_arm64.whl", hash = "sha256:9dee900ed39e5b3fe1ccf51d44948949fbda5276a460f07d335a6cf34811e7c5"},
    {file = "lief-0.14.0.dev0-cp39-cp39-macosx_11_0_x86_64.whl", hash = "sha256:f5bf259ab218dbf5ef54d09945cc6561620f843c4fb996d8b2e37f2da4e88a72"},
    {file = "lief-0.14.0.dev0-cp39-cp39-manylinux2014_aarch64.whl", hash = "sha256:226dd6fb3aa2edc6251a29e2246cd4d7519b801bf6bbb3dd5af306147300a5f4"},
    {file = "lief-0.14.0.dev0-cp39-cp39-manylinux_2_27_x86_64.manylinux_2_28_x86_64.whl", hash = "sha256:bf71c961ed2e181de934125e114575e0995551858c496baec6c3dc8647eccdf9"},
    {file = "lief-0.14.0.dev0-cp39-cp39-win32.whl", hash = "sha256:3030ec1f74e1911535f994c9cc1cbb33a5c9094fe75b51c6742755fe13eacf3b"},
    {file = "lief-0.14.0.dev0-cp39-cp39-win_amd64.whl", hash = "sha256:dd935a9068e229dc7c40db229c38bb276048ec9ba94de91f301596b9625418a6"},
]

[package.source]
type = "legacy"
url = "https://lief.s3-website.fr-par.scw.cloud/latest"
reference = "lief-dev"

[[package]]
name = "typing-extensions"
version = "4.7.1"
description = "Backported and Experimental Type Hints for Python 3.7+"
optional = false
python-versions = ">=3.7"
files = [
    {file = "typing_extensions-4.7.1-py3-none-any.whl", hash = "sha256:440d5dd3af93b060174bf433bccd69b0babc3b15b1a8dca43789fd7f61514b36"},
    {file = "typing_extensions-4.7.1.tar.gz", hash = "sha256:b75ddc264f0ba5615db7ba217daeb99701ad295353c45f9e95963337ceeeffb2"},
]

[metadata]
lock-version = "2.0"
python-versions = "^3.12"
content-hash = "ab5a82692b569369fc8f24375f3b9ad17d5d699ef1d4f673292441026b75a31e"
